
Microsoft Visual Studio Solution File, Format Version 12.00
# Visual Studio Version 17
VisualStudioVersion = 17.9.34622.214
MinimumVisualStudioVersion = 10.0.40219.1
Project("{FAE04EC0-301F-11D3-BF4B-00C04F79EFBC}") = "talCalenderbooking", "talCalenderbooking\talCalenderbooking.csproj", "{DD30D6AC-717F-4F77-974A-E04A0F5EA2B8}"
EndProject
Project("{FAE04EC0-301F-11D3-BF4B-00C04F79EFBC}") = "calenderBooking.test", "calenderBooking.test\calenderBooking.test.csproj", "{C1BF67E4-90C8-4C65-9908-5197686DCB68}"
EndProject
Global
	GlobalSection(SolutionConfigurationPlatforms) = preSolution
		Debug|Any CPU = Debug|Any CPU
		Release|Any CPU = Release|Any CPU
	EndGlobalSection
	GlobalSection(ProjectConfigurationPlatforms) = postSolution
		{DD30D6AC-717F-4F77-974A-E04A0F5EA2B8}.Debug|Any CPU.ActiveCfg = Debug|Any CPU
		{DD30D6AC-717F-4F77-974A-E04A0F5EA2B8}.Debug|Any CPU.Build.0 = Debug|Any CPU
		{DD30D6AC-717F-4F77-974A-E04A0F5EA2B8}.Release|Any CPU.ActiveCfg = Release|Any CPU
		{DD30D6AC-717F-4F77-974A-E04A0F5EA2B8}.Release|Any CPU.Build.0 = Release|Any CPU
		{C1BF67E4-90C8-4C65-9908-5197686DCB68}.Debug|Any CPU.ActiveCfg = Debug|Any CPU
		{C1BF67E4-90C8-4C65-9908-5197686DCB68}.Debug|Any CPU.Build.0 = Debug|Any CPU
		{C1BF67E4-90C8-4C65-9908-5197686DCB68}.Release|Any CPU.ActiveCfg = Release|Any CPU
		{C1BF67E4-90C8-4C65-9908-5197686DCB68}.Release|Any CPU.Build.0 = Release|Any CPU
	EndGlobalSection
	GlobalSection(SolutionProperties) = preSolution
		HideSolutionNode = FALSE
	EndGlobalSection
	GlobalSection(ExtensibilityGlobals) = postSolution
		SolutionGuid = {4C53029D-95ED-44B2-B051-B4049BB5111D}
	EndGlobalSection
EndGlobal
